// !$*UTF8*$!
{
	archiveVersion = 1;
	classes = {
	};
	objectVersion = 55;
	objects = {

/* Begin PBXBuildFile section */
		185B52C42882439F00F0ABF6 /* DetailArticles.swift in Sources */ = {isa = PBXBuildFile; fileRef = 185B52C32882439F00F0ABF6 /* DetailArticles.swift */; };
		185B52C62882476F00F0ABF6 /* DetailArticlesCollectionViewCell.swift in Sources */ = {isa = PBXBuildFile; fileRef = 185B52C52882476F00F0ABF6 /* DetailArticlesCollectionViewCell.swift */; };
		18A906D228758C150043E67D /* FirstScreenViewController.swift in Sources */ = {isa = PBXBuildFile; fileRef = 18A906D128758C150043E67D /* FirstScreenViewController.swift */; };
		18FE06292885E8A300998E37 /* ProfileViewController.swift in Sources */ = {isa = PBXBuildFile; fileRef = 18FE06282885E8A300998E37 /* ProfileViewController.swift */; };
		18FE062D2885E8B900998E37 /* ProfileCollectionViewCell.swift in Sources */ = {isa = PBXBuildFile; fileRef = 18FE062A2885E8B900998E37 /* ProfileCollectionViewCell.swift */; };
		18FE062E2885E8B900998E37 /* ProfilePhotoCell.swift in Sources */ = {isa = PBXBuildFile; fileRef = 18FE062B2885E8B900998E37 /* ProfilePhotoCell.swift */; };
		18FE062F2885E8B900998E37 /* ProfileCell2.swift in Sources */ = {isa = PBXBuildFile; fileRef = 18FE062C2885E8B900998E37 /* ProfileCell2.swift */; };
		2C1A86E228749AF4009600F9 /* OnboardingViewController.swift in Sources */ = {isa = PBXBuildFile; fileRef = 2C1A86E128749AF4009600F9 /* OnboardingViewController.swift */; };
		2CDF1DAB2874960900F0BC12 /* AppDelegate.swift in Sources */ = {isa = PBXBuildFile; fileRef = 2CDF1DAA2874960900F0BC12 /* AppDelegate.swift */; };
		2CDF1DB42874960B00F0BC12 /* Assets.xcassets in Resources */ = {isa = PBXBuildFile; fileRef = 2CDF1DB32874960B00F0BC12 /* Assets.xcassets */; };
		2CDF1DB72874960B00F0BC12 /* LaunchScreen.storyboard in Resources */ = {isa = PBXBuildFile; fileRef = 2CDF1DB52874960B00F0BC12 /* LaunchScreen.storyboard */; };
		6EA7F8FA2881C7FF00EA6186 /* MainViewController.swift in Sources */ = {isa = PBXBuildFile; fileRef = 6EA7F8F92881C7FF00EA6186 /* MainViewController.swift */; };
		6EA7F9002881C82700EA6186 /* TypePlantsCell.swift in Sources */ = {isa = PBXBuildFile; fileRef = 6EA7F8FB2881C82700EA6186 /* TypePlantsCell.swift */; };
		6EA7F9022881C82700EA6186 /* PhotoPlantsCell.swift in Sources */ = {isa = PBXBuildFile; fileRef = 6EA7F8FD2881C82700EA6186 /* PhotoPlantsCell.swift */; };
		6EA7F9032881C82700EA6186 /* MainCell.swift in Sources */ = {isa = PBXBuildFile; fileRef = 6EA7F8FE2881C82700EA6186 /* MainCell.swift */; };
		6EA7F9042881C82700EA6186 /* Tabbar.swift in Sources */ = {isa = PBXBuildFile; fileRef = 6EA7F8FF2881C82700EA6186 /* Tabbar.swift */; };
		6EA7F9062881C83500EA6186 /* LoginPageViewController2.swift in Sources */ = {isa = PBXBuildFile; fileRef = 6EA7F9052881C83500EA6186 /* LoginPageViewController2.swift */; };
		6EA7F9082881C84700EA6186 /* ButtonsCell.swift in Sources */ = {isa = PBXBuildFile; fileRef = 6EA7F9072881C84700EA6186 /* ButtonsCell.swift */; };
		6ECF957428844FED00A4E9F6 /* OnboardingView.swift in Sources */ = {isa = PBXBuildFile; fileRef = 6ECF957328844FED00A4E9F6 /* OnboardingView.swift */; };
		6ECF957B288457AD00A4E9F6 /* SETabView in Frameworks */ = {isa = PBXBuildFile; productRef = 6ECF957A288457AD00A4E9F6 /* SETabView */; };
		6EEA108928832DDD00026F09 /* CustomTextField.swift in Sources */ = {isa = PBXBuildFile; fileRef = 6EEA108828832DDD00026F09 /* CustomTextField.swift */; };
		6EEA108B288333A000026F09 /* TestViewController.swift in Sources */ = {isa = PBXBuildFile; fileRef = 6EEA108A288333A000026F09 /* TestViewController.swift */; };
		80AC9F6C28757284006BC246 /* Constants.swift in Sources */ = {isa = PBXBuildFile; fileRef = 80AC9F6B28757284006BC246 /* Constants.swift */; };
		80AC9F9628774687006BC246 /* ContentButton.swift in Sources */ = {isa = PBXBuildFile; fileRef = 80AC9F9528774687006BC246 /* ContentButton.swift */; };
		80AC9F9828788FD8006BC246 /* SpeciesViewController.swift in Sources */ = {isa = PBXBuildFile; fileRef = 80AC9F9728788FD8006BC246 /* SpeciesViewController.swift */; };
		80AC9F9A2878B2DE006BC246 /* SpeciesTableViewCell.swift in Sources */ = {isa = PBXBuildFile; fileRef = 80AC9F992878B2DE006BC246 /* SpeciesTableViewCell.swift */; };
		80AC9F9C287A1D06006BC246 /* ListPlantsViewController.swift in Sources */ = {isa = PBXBuildFile; fileRef = 80AC9F9B287A1D06006BC246 /* ListPlantsViewController.swift */; };
		80AC9FA22880BA91006BC246 /* ListPlantsTableViewCell.swift in Sources */ = {isa = PBXBuildFile; fileRef = 80AC9FA12880BA91006BC246 /* ListPlantsTableViewCell.swift */; };
		CE877763288676F300A3E098 /* TabbarController.swift in Sources */ = {isa = PBXBuildFile; fileRef = CE877762288676F300A3E098 /* TabbarController.swift */; };
/* End PBXBuildFile section */

/* Begin PBXFileReference section */
		185B52C32882439F00F0ABF6 /* DetailArticles.swift */ = {isa = PBXFileReference; lastKnownFileType = sourcecode.swift; path = DetailArticles.swift; sourceTree = "<group>"; };
		185B52C52882476F00F0ABF6 /* DetailArticlesCollectionViewCell.swift */ = {isa = PBXFileReference; lastKnownFileType = sourcecode.swift; path = DetailArticlesCollectionViewCell.swift; sourceTree = "<group>"; };
		18A906D128758C150043E67D /* FirstScreenViewController.swift */ = {isa = PBXFileReference; lastKnownFileType = sourcecode.swift; path = FirstScreenViewController.swift; sourceTree = "<group>"; };
		18FE06282885E8A300998E37 /* ProfileViewController.swift */ = {isa = PBXFileReference; fileEncoding = 4; lastKnownFileType = sourcecode.swift; path = ProfileViewController.swift; sourceTree = "<group>"; };
		18FE062A2885E8B900998E37 /* ProfileCollectionViewCell.swift */ = {isa = PBXFileReference; fileEncoding = 4; lastKnownFileType = sourcecode.swift; path = ProfileCollectionViewCell.swift; sourceTree = "<group>"; };
		18FE062B2885E8B900998E37 /* ProfilePhotoCell.swift */ = {isa = PBXFileReference; fileEncoding = 4; lastKnownFileType = sourcecode.swift; path = ProfilePhotoCell.swift; sourceTree = "<group>"; };
		18FE062C2885E8B900998E37 /* ProfileCell2.swift */ = {isa = PBXFileReference; fileEncoding = 4; lastKnownFileType = sourcecode.swift; path = ProfileCell2.swift; sourceTree = "<group>"; };
		2C1A86E128749AF4009600F9 /* OnboardingViewController.swift */ = {isa = PBXFileReference; lastKnownFileType = sourcecode.swift; path = OnboardingViewController.swift; sourceTree = "<group>"; };
		2CDF1DA72874960900F0BC12 /* PlantApp.app */ = {isa = PBXFileReference; explicitFileType = wrapper.application; includeInIndex = 0; path = PlantApp.app; sourceTree = BUILT_PRODUCTS_DIR; };
		2CDF1DAA2874960900F0BC12 /* AppDelegate.swift */ = {isa = PBXFileReference; lastKnownFileType = sourcecode.swift; path = AppDelegate.swift; sourceTree = "<group>"; };
		2CDF1DB32874960B00F0BC12 /* Assets.xcassets */ = {isa = PBXFileReference; lastKnownFileType = folder.assetcatalog; path = Assets.xcassets; sourceTree = "<group>"; };
		2CDF1DB62874960B00F0BC12 /* Base */ = {isa = PBXFileReference; lastKnownFileType = file.storyboard; name = Base; path = Base.lproj/LaunchScreen.storyboard; sourceTree = "<group>"; };
		2CDF1DB82874960B00F0BC12 /* Info.plist */ = {isa = PBXFileReference; lastKnownFileType = text.plist.xml; path = Info.plist; sourceTree = "<group>"; };
		6EA7F8F92881C7FF00EA6186 /* MainViewController.swift */ = {isa = PBXFileReference; fileEncoding = 4; lastKnownFileType = sourcecode.swift; path = MainViewController.swift; sourceTree = "<group>"; };
		6EA7F8FB2881C82700EA6186 /* TypePlantsCell.swift */ = {isa = PBXFileReference; fileEncoding = 4; lastKnownFileType = sourcecode.swift; path = TypePlantsCell.swift; sourceTree = "<group>"; };
		6EA7F8FD2881C82700EA6186 /* PhotoPlantsCell.swift */ = {isa = PBXFileReference; fileEncoding = 4; lastKnownFileType = sourcecode.swift; path = PhotoPlantsCell.swift; sourceTree = "<group>"; };
		6EA7F8FE2881C82700EA6186 /* MainCell.swift */ = {isa = PBXFileReference; fileEncoding = 4; lastKnownFileType = sourcecode.swift; path = MainCell.swift; sourceTree = "<group>"; };
		6EA7F8FF2881C82700EA6186 /* Tabbar.swift */ = {isa = PBXFileReference; fileEncoding = 4; lastKnownFileType = sourcecode.swift; path = Tabbar.swift; sourceTree = "<group>"; };
		6EA7F9052881C83500EA6186 /* LoginPageViewController2.swift */ = {isa = PBXFileReference; fileEncoding = 4; lastKnownFileType = sourcecode.swift; path = LoginPageViewController2.swift; sourceTree = "<group>"; };
		6EA7F9072881C84700EA6186 /* ButtonsCell.swift */ = {isa = PBXFileReference; fileEncoding = 4; lastKnownFileType = sourcecode.swift; path = ButtonsCell.swift; sourceTree = "<group>"; };
		6EA7F90D2881D04E00EA6186 /* MyPlayground.playground */ = {isa = PBXFileReference; lastKnownFileType = file.playground; path = MyPlayground.playground; sourceTree = "<group>"; xcLanguageSpecificationIdentifier = xcode.lang.swift; };
		6ECF957328844FED00A4E9F6 /* OnboardingView.swift */ = {isa = PBXFileReference; lastKnownFileType = sourcecode.swift; path = OnboardingView.swift; sourceTree = "<group>"; };
		6EEA108828832DDD00026F09 /* CustomTextField.swift */ = {isa = PBXFileReference; lastKnownFileType = sourcecode.swift; path = CustomTextField.swift; sourceTree = "<group>"; };
		6EEA108A288333A000026F09 /* TestViewController.swift */ = {isa = PBXFileReference; lastKnownFileType = sourcecode.swift; path = TestViewController.swift; sourceTree = "<group>"; };
		80AC9F6B28757284006BC246 /* Constants.swift */ = {isa = PBXFileReference; lastKnownFileType = sourcecode.swift; path = Constants.swift; sourceTree = "<group>"; };
		80AC9F9528774687006BC246 /* ContentButton.swift */ = {isa = PBXFileReference; lastKnownFileType = sourcecode.swift; path = ContentButton.swift; sourceTree = "<group>"; };
		80AC9F9728788FD8006BC246 /* SpeciesViewController.swift */ = {isa = PBXFileReference; lastKnownFileType = sourcecode.swift; path = SpeciesViewController.swift; sourceTree = "<group>"; };
		80AC9F992878B2DE006BC246 /* SpeciesTableViewCell.swift */ = {isa = PBXFileReference; lastKnownFileType = sourcecode.swift; path = SpeciesTableViewCell.swift; sourceTree = "<group>"; };
		80AC9F9B287A1D06006BC246 /* ListPlantsViewController.swift */ = {isa = PBXFileReference; lastKnownFileType = sourcecode.swift; path = ListPlantsViewController.swift; sourceTree = "<group>"; };
		80AC9FA12880BA91006BC246 /* ListPlantsTableViewCell.swift */ = {isa = PBXFileReference; lastKnownFileType = sourcecode.swift; path = ListPlantsTableViewCell.swift; sourceTree = "<group>"; };
		CE877762288676F300A3E098 /* TabbarController.swift */ = {isa = PBXFileReference; lastKnownFileType = sourcecode.swift; path = TabbarController.swift; sourceTree = "<group>"; };
/* End PBXFileReference section */

/* Begin PBXFrameworksBuildPhase section */
		2CDF1DA42874960900F0BC12 /* Frameworks */ = {
			isa = PBXFrameworksBuildPhase;
			buildActionMask = 2147483647;
			files = (
				6ECF957B288457AD00A4E9F6 /* SETabView in Frameworks */,
			);
			runOnlyForDeploymentPostprocessing = 0;
		};
/* End PBXFrameworksBuildPhase section */

/* Begin PBXGroup section */
		2CDF1D9E2874960900F0BC12 = {
			isa = PBXGroup;
			children = (
				2CDF1DA92874960900F0BC12 /* PlantApp */,
				2CDF1DA82874960900F0BC12 /* Products */,
				E9919BEB6BC1CD1491EFFB4D /* Frameworks */,
			);
			sourceTree = "<group>";
		};
		2CDF1DA82874960900F0BC12 /* Products */ = {
			isa = PBXGroup;
			children = (
				2CDF1DA72874960900F0BC12 /* PlantApp.app */,
			);
			name = Products;
			sourceTree = "<group>";
		};
		2CDF1DA92874960900F0BC12 /* PlantApp */ = {
			isa = PBXGroup;
			children = (
				2CDF1DAA2874960900F0BC12 /* AppDelegate.swift */,
				6EEA10872883246E00026F09 /* Sources */,
				6EEA1086288323E000026F09 /* Views */,
				6EEA10852883238700026F09 /* ViewController */,
				6EEA10842883237D00026F09 /* Utils */,
				80AC9F6B28757284006BC246 /* Constants.swift */,
			);
			path = PlantApp;
			sourceTree = "<group>";
		};
		6EEA10842883237D00026F09 /* Utils */ = {
			isa = PBXGroup;
			children = (
				6EA7F90D2881D04E00EA6186 /* MyPlayground.playground */,
				2CDF1DB52874960B00F0BC12 /* LaunchScreen.storyboard */,
				2CDF1DB82874960B00F0BC12 /* Info.plist */,
			);
			path = Utils;
			sourceTree = "<group>";
		};
		6EEA10852883238700026F09 /* ViewController */ = {
			isa = PBXGroup;
			children = (
				18FE06282885E8A300998E37 /* ProfileViewController.swift */,
				185B52C32882439F00F0ABF6 /* DetailArticles.swift */,
				6EA7F8F92881C7FF00EA6186 /* MainViewController.swift */,
				2C1A86E128749AF4009600F9 /* OnboardingViewController.swift */,
				18A906D128758C150043E67D /* FirstScreenViewController.swift */,
				6EA7F9052881C83500EA6186 /* LoginPageViewController2.swift */,
				80AC9F9728788FD8006BC246 /* SpeciesViewController.swift */,
				80AC9F9B287A1D06006BC246 /* ListPlantsViewController.swift */,

				CE877762288676F300A3E098 /* TabbarController.swift */,

				6EEA108A288333A000026F09 /* TestViewController.swift */,
			);
			path = ViewController;
			sourceTree = "<group>";
		};
		6EEA1086288323E000026F09 /* Views */ = {
			isa = PBXGroup;
			children = (
				6ECF957328844FED00A4E9F6 /* OnboardingView.swift */,
				6EA7F8FF2881C82700EA6186 /* Tabbar.swift */,
				80AC9F9528774687006BC246 /* ContentButton.swift */,
				185B52C52882476F00F0ABF6 /* DetailArticlesCollectionViewCell.swift */,
				18FE062C2885E8B900998E37 /* ProfileCell2.swift */,
				18FE062A2885E8B900998E37 /* ProfileCollectionViewCell.swift */,
				18FE062B2885E8B900998E37 /* ProfilePhotoCell.swift */,
				80AC9FA12880BA91006BC246 /* ListPlantsTableViewCell.swift */,
				6EA7F8FE2881C82700EA6186 /* MainCell.swift */,
				80AC9F992878B2DE006BC246 /* SpeciesTableViewCell.swift */,
				6EA7F9072881C84700EA6186 /* ButtonsCell.swift */,
				6EA7F8FB2881C82700EA6186 /* TypePlantsCell.swift */,
				6EA7F8FD2881C82700EA6186 /* PhotoPlantsCell.swift */,
				6EEA108828832DDD00026F09 /* CustomTextField.swift */,
			);
			path = Views;
			sourceTree = "<group>";
		};
		6EEA10872883246E00026F09 /* Sources */ = {
			isa = PBXGroup;
			children = (
				2CDF1DB32874960B00F0BC12 /* Assets.xcassets */,
			);
			path = Sources;
			sourceTree = "<group>";
		};
		E9919BEB6BC1CD1491EFFB4D /* Frameworks */ = {
			isa = PBXGroup;
			children = (
			);
			name = Frameworks;
			sourceTree = "<group>";
		};
/* End PBXGroup section */

/* Begin PBXNativeTarget section */
		2CDF1DA62874960900F0BC12 /* PlantApp */ = {
			isa = PBXNativeTarget;
			buildConfigurationList = 2CDF1DBB2874960B00F0BC12 /* Build configuration list for PBXNativeTarget "PlantApp" */;
			buildPhases = (
				2CDF1DA32874960900F0BC12 /* Sources */,
				2CDF1DA42874960900F0BC12 /* Frameworks */,
				2CDF1DA52874960900F0BC12 /* Resources */,
			);
			buildRules = (
			);
			dependencies = (
			);
			name = PlantApp;
			packageProductDependencies = (
				6ECF957A288457AD00A4E9F6 /* SETabView */,
			);
			productName = PlantApp;
			productReference = 2CDF1DA72874960900F0BC12 /* PlantApp.app */;
			productType = "com.apple.product-type.application";
		};
/* End PBXNativeTarget section */

/* Begin PBXProject section */
		2CDF1D9F2874960900F0BC12 /* Project object */ = {
			isa = PBXProject;
			attributes = {
				BuildIndependentTargetsInParallel = 1;
				LastSwiftUpdateCheck = 1340;
				LastUpgradeCheck = 1340;
				TargetAttributes = {
					2CDF1DA62874960900F0BC12 = {
						CreatedOnToolsVersion = 13.4;
					};
				};
			};
			buildConfigurationList = 2CDF1DA22874960900F0BC12 /* Build configuration list for PBXProject "PlantApp" */;
			compatibilityVersion = "Xcode 13.0";
			developmentRegion = en;
			hasScannedForEncodings = 0;
			knownRegions = (
				en,
				Base,
			);
			mainGroup = 2CDF1D9E2874960900F0BC12;
			packageReferences = (
				6ECF9579288457AD00A4E9F6 /* XCRemoteSwiftPackageReference "SETabView" */,
			);
			productRefGroup = 2CDF1DA82874960900F0BC12 /* Products */;
			projectDirPath = "";
			projectRoot = "";
			targets = (
				2CDF1DA62874960900F0BC12 /* PlantApp */,
			);
		};
/* End PBXProject section */

/* Begin PBXResourcesBuildPhase section */
		2CDF1DA52874960900F0BC12 /* Resources */ = {
			isa = PBXResourcesBuildPhase;
			buildActionMask = 2147483647;
			files = (
				2CDF1DB72874960B00F0BC12 /* LaunchScreen.storyboard in Resources */,
				2CDF1DB42874960B00F0BC12 /* Assets.xcassets in Resources */,
			);
			runOnlyForDeploymentPostprocessing = 0;
		};
/* End PBXResourcesBuildPhase section */

/* Begin PBXSourcesBuildPhase section */
		2CDF1DA32874960900F0BC12 /* Sources */ = {
			isa = PBXSourcesBuildPhase;
			buildActionMask = 2147483647;
			files = (
				80AC9F9A2878B2DE006BC246 /* SpeciesTableViewCell.swift in Sources */,
				6EEA108B288333A000026F09 /* TestViewController.swift in Sources */,
				2C1A86E228749AF4009600F9 /* OnboardingViewController.swift in Sources */,
				185B52C42882439F00F0ABF6 /* DetailArticles.swift in Sources */,
				80AC9F9C287A1D06006BC246 /* ListPlantsViewController.swift in Sources */,
				80AC9F9C287A1D06006BC246 /* ListPlantsViewController.swift in Sources */,
				6EA7F9082881C84700EA6186 /* ButtonsCell.swift in Sources */,
				CE877763288676F300A3E098 /* TabbarController.swift in Sources */,
				18A906D228758C150043E67D /* FirstScreenViewController.swift in Sources */,
				6EA7F9032881C82700EA6186 /* MainCell.swift in Sources */,
				18FE062D2885E8B900998E37 /* ProfileCollectionViewCell.swift in Sources */,
				6EA7F8FA2881C7FF00EA6186 /* MainViewController.swift in Sources */,
				2CDF1DAB2874960900F0BC12 /* AppDelegate.swift in Sources */,
				6EA7F9042881C82700EA6186 /* Tabbar.swift in Sources */,
				6EA7F9062881C83500EA6186 /* LoginPageViewController2.swift in Sources */,
				80AC9FA22880BA91006BC246 /* ListPlantsTableViewCell.swift in Sources */,
				18FE06292885E8A300998E37 /* ProfileViewController.swift in Sources */,
				6EEA108928832DDD00026F09 /* CustomTextField.swift in Sources */,
				18FE062E2885E8B900998E37 /* ProfilePhotoCell.swift in Sources */,
				80AC9F9628774687006BC246 /* ContentButton.swift in Sources */,
				18FE062F2885E8B900998E37 /* ProfileCell2.swift in Sources */,
				6EA7F9002881C82700EA6186 /* TypePlantsCell.swift in Sources */,
				6EA7F9022881C82700EA6186 /* PhotoPlantsCell.swift in Sources */,
				80AC9F9828788FD8006BC246 /* SpeciesViewController.swift in Sources */,
				185B52C62882476F00F0ABF6 /* DetailArticlesCollectionViewCell.swift in Sources */,
				6ECF957428844FED00A4E9F6 /* OnboardingView.swift in Sources */,
				80AC9F6C28757284006BC246 /* Constants.swift in Sources */,
			);
			runOnlyForDeploymentPostprocessing = 0;
		};
/* End PBXSourcesBuildPhase section */

/* Begin PBXVariantGroup section */
		2CDF1DB52874960B00F0BC12 /* LaunchScreen.storyboard */ = {
			isa = PBXVariantGroup;
			children = (
				2CDF1DB62874960B00F0BC12 /* Base */,
			);
			name = LaunchScreen.storyboard;
			sourceTree = "<group>";
		};
/* End PBXVariantGroup section */

/* Begin XCBuildConfiguration section */
		2CDF1DB92874960B00F0BC12 /* Debug */ = {
			isa = XCBuildConfiguration;
			buildSettings = {
				ALWAYS_SEARCH_USER_PATHS = NO;
				CLANG_ANALYZER_NONNULL = YES;
				CLANG_ANALYZER_NUMBER_OBJECT_CONVERSION = YES_AGGRESSIVE;
				CLANG_CXX_LANGUAGE_STANDARD = "gnu++17";
				CLANG_ENABLE_MODULES = YES;
				CLANG_ENABLE_OBJC_ARC = YES;
				CLANG_ENABLE_OBJC_WEAK = YES;
				CLANG_WARN_BLOCK_CAPTURE_AUTORELEASING = YES;
				CLANG_WARN_BOOL_CONVERSION = YES;
				CLANG_WARN_COMMA = YES;
				CLANG_WARN_CONSTANT_CONVERSION = YES;
				CLANG_WARN_DEPRECATED_OBJC_IMPLEMENTATIONS = YES;
				CLANG_WARN_DIRECT_OBJC_ISA_USAGE = YES_ERROR;
				CLANG_WARN_DOCUMENTATION_COMMENTS = YES;
				CLANG_WARN_EMPTY_BODY = YES;
				CLANG_WARN_ENUM_CONVERSION = YES;
				CLANG_WARN_INFINITE_RECURSION = YES;
				CLANG_WARN_INT_CONVERSION = YES;
				CLANG_WARN_NON_LITERAL_NULL_CONVERSION = YES;
				CLANG_WARN_OBJC_IMPLICIT_RETAIN_SELF = YES;
				CLANG_WARN_OBJC_LITERAL_CONVERSION = YES;
				CLANG_WARN_OBJC_ROOT_CLASS = YES_ERROR;
				CLANG_WARN_QUOTED_INCLUDE_IN_FRAMEWORK_HEADER = YES;
				CLANG_WARN_RANGE_LOOP_ANALYSIS = YES;
				CLANG_WARN_STRICT_PROTOTYPES = YES;
				CLANG_WARN_SUSPICIOUS_MOVE = YES;
				CLANG_WARN_UNGUARDED_AVAILABILITY = YES_AGGRESSIVE;
				CLANG_WARN_UNREACHABLE_CODE = YES;
				CLANG_WARN__DUPLICATE_METHOD_MATCH = YES;
				COPY_PHASE_STRIP = NO;
				DEBUG_INFORMATION_FORMAT = dwarf;
				ENABLE_STRICT_OBJC_MSGSEND = YES;
				ENABLE_TESTABILITY = YES;
				GCC_C_LANGUAGE_STANDARD = gnu11;
				GCC_DYNAMIC_NO_PIC = NO;
				GCC_NO_COMMON_BLOCKS = YES;
				GCC_OPTIMIZATION_LEVEL = 0;
				GCC_PREPROCESSOR_DEFINITIONS = (
					"DEBUG=1",
					"$(inherited)",
				);
				GCC_WARN_64_TO_32_BIT_CONVERSION = YES;
				GCC_WARN_ABOUT_RETURN_TYPE = YES_ERROR;
				GCC_WARN_UNDECLARED_SELECTOR = YES;
				GCC_WARN_UNINITIALIZED_AUTOS = YES_AGGRESSIVE;
				GCC_WARN_UNUSED_FUNCTION = YES;
				GCC_WARN_UNUSED_VARIABLE = YES;
				IPHONEOS_DEPLOYMENT_TARGET = 15.2;
				MTL_ENABLE_DEBUG_INFO = INCLUDE_SOURCE;
				MTL_FAST_MATH = YES;
				ONLY_ACTIVE_ARCH = YES;
				SDKROOT = iphoneos;
				SWIFT_ACTIVE_COMPILATION_CONDITIONS = DEBUG;
				SWIFT_OPTIMIZATION_LEVEL = "-Onone";
			};
			name = Debug;
		};
		2CDF1DBA2874960B00F0BC12 /* Release */ = {
			isa = XCBuildConfiguration;
			buildSettings = {
				ALWAYS_SEARCH_USER_PATHS = NO;
				CLANG_ANALYZER_NONNULL = YES;
				CLANG_ANALYZER_NUMBER_OBJECT_CONVERSION = YES_AGGRESSIVE;
				CLANG_CXX_LANGUAGE_STANDARD = "gnu++17";
				CLANG_ENABLE_MODULES = YES;
				CLANG_ENABLE_OBJC_ARC = YES;
				CLANG_ENABLE_OBJC_WEAK = YES;
				CLANG_WARN_BLOCK_CAPTURE_AUTORELEASING = YES;
				CLANG_WARN_BOOL_CONVERSION = YES;
				CLANG_WARN_COMMA = YES;
				CLANG_WARN_CONSTANT_CONVERSION = YES;
				CLANG_WARN_DEPRECATED_OBJC_IMPLEMENTATIONS = YES;
				CLANG_WARN_DIRECT_OBJC_ISA_USAGE = YES_ERROR;
				CLANG_WARN_DOCUMENTATION_COMMENTS = YES;
				CLANG_WARN_EMPTY_BODY = YES;
				CLANG_WARN_ENUM_CONVERSION = YES;
				CLANG_WARN_INFINITE_RECURSION = YES;
				CLANG_WARN_INT_CONVERSION = YES;
				CLANG_WARN_NON_LITERAL_NULL_CONVERSION = YES;
				CLANG_WARN_OBJC_IMPLICIT_RETAIN_SELF = YES;
				CLANG_WARN_OBJC_LITERAL_CONVERSION = YES;
				CLANG_WARN_OBJC_ROOT_CLASS = YES_ERROR;
				CLANG_WARN_QUOTED_INCLUDE_IN_FRAMEWORK_HEADER = YES;
				CLANG_WARN_RANGE_LOOP_ANALYSIS = YES;
				CLANG_WARN_STRICT_PROTOTYPES = YES;
				CLANG_WARN_SUSPICIOUS_MOVE = YES;
				CLANG_WARN_UNGUARDED_AVAILABILITY = YES_AGGRESSIVE;
				CLANG_WARN_UNREACHABLE_CODE = YES;
				CLANG_WARN__DUPLICATE_METHOD_MATCH = YES;
				COPY_PHASE_STRIP = NO;
				DEBUG_INFORMATION_FORMAT = "dwarf-with-dsym";
				ENABLE_NS_ASSERTIONS = NO;
				ENABLE_STRICT_OBJC_MSGSEND = YES;
				GCC_C_LANGUAGE_STANDARD = gnu11;
				GCC_NO_COMMON_BLOCKS = YES;
				GCC_WARN_64_TO_32_BIT_CONVERSION = YES;
				GCC_WARN_ABOUT_RETURN_TYPE = YES_ERROR;
				GCC_WARN_UNDECLARED_SELECTOR = YES;
				GCC_WARN_UNINITIALIZED_AUTOS = YES_AGGRESSIVE;
				GCC_WARN_UNUSED_FUNCTION = YES;
				GCC_WARN_UNUSED_VARIABLE = YES;
				IPHONEOS_DEPLOYMENT_TARGET = 15.2;
				MTL_ENABLE_DEBUG_INFO = NO;
				MTL_FAST_MATH = YES;
				SDKROOT = iphoneos;
				SWIFT_COMPILATION_MODE = wholemodule;
				SWIFT_OPTIMIZATION_LEVEL = "-O";
				VALIDATE_PRODUCT = YES;
			};
			name = Release;
		};
		2CDF1DBC2874960B00F0BC12 /* Debug */ = {
			isa = XCBuildConfiguration;
			buildSettings = {
				ASSETCATALOG_COMPILER_APPICON_NAME = AppIcon;
				ASSETCATALOG_COMPILER_GLOBAL_ACCENT_COLOR_NAME = AccentColor;
				CODE_SIGN_STYLE = Automatic;
				CURRENT_PROJECT_VERSION = 1;
				DEVELOPMENT_TEAM = PFJ2D3242U;
				GENERATE_INFOPLIST_FILE = YES;
				INFOPLIST_FILE = PlantApp/Utils/Info.plist;
				INFOPLIST_KEY_UIApplicationSupportsIndirectInputEvents = YES;
				INFOPLIST_KEY_UILaunchStoryboardName = LaunchScreen;
				INFOPLIST_KEY_UISupportedInterfaceOrientations_iPad = "UIInterfaceOrientationPortrait UIInterfaceOrientationPortraitUpsideDown UIInterfaceOrientationLandscapeLeft UIInterfaceOrientationLandscapeRight";
				INFOPLIST_KEY_UISupportedInterfaceOrientations_iPhone = "UIInterfaceOrientationPortrait UIInterfaceOrientationLandscapeLeft UIInterfaceOrientationLandscapeRight";
				INFOPLIST_KEY_UIUserInterfaceStyle = Light;
				IPHONEOS_DEPLOYMENT_TARGET = 15.2;
				LD_RUNPATH_SEARCH_PATHS = (
					"$(inherited)",
					"@executable_path/Frameworks",
				);
				MARKETING_VERSION = 1.0;
				PRODUCT_BUNDLE_IDENTIFIER = "Bekzod-Qahhorov.PlantApp";
				PRODUCT_NAME = "$(TARGET_NAME)";
				SWIFT_EMIT_LOC_STRINGS = YES;
				SWIFT_VERSION = 5.0;
				TARGETED_DEVICE_FAMILY = "1,2";
			};
			name = Debug;
		};
		2CDF1DBD2874960B00F0BC12 /* Release */ = {
			isa = XCBuildConfiguration;
			buildSettings = {
				ASSETCATALOG_COMPILER_APPICON_NAME = AppIcon;
				ASSETCATALOG_COMPILER_GLOBAL_ACCENT_COLOR_NAME = AccentColor;
				CODE_SIGN_STYLE = Automatic;
				CURRENT_PROJECT_VERSION = 1;
				DEVELOPMENT_TEAM = PFJ2D3242U;
				GENERATE_INFOPLIST_FILE = YES;
				INFOPLIST_FILE = PlantApp/Utils/Info.plist;
				INFOPLIST_KEY_UIApplicationSupportsIndirectInputEvents = YES;
				INFOPLIST_KEY_UILaunchStoryboardName = LaunchScreen;
				INFOPLIST_KEY_UISupportedInterfaceOrientations_iPad = "UIInterfaceOrientationPortrait UIInterfaceOrientationPortraitUpsideDown UIInterfaceOrientationLandscapeLeft UIInterfaceOrientationLandscapeRight";
				INFOPLIST_KEY_UISupportedInterfaceOrientations_iPhone = "UIInterfaceOrientationPortrait UIInterfaceOrientationLandscapeLeft UIInterfaceOrientationLandscapeRight";
				INFOPLIST_KEY_UIUserInterfaceStyle = Light;
				IPHONEOS_DEPLOYMENT_TARGET = 15.2;
				LD_RUNPATH_SEARCH_PATHS = (
					"$(inherited)",
					"@executable_path/Frameworks",
				);
				MARKETING_VERSION = 1.0;
				PRODUCT_BUNDLE_IDENTIFIER = "Bekzod-Qahhorov.PlantApp";
				PRODUCT_NAME = "$(TARGET_NAME)";
				SWIFT_EMIT_LOC_STRINGS = YES;
				SWIFT_VERSION = 5.0;
				TARGETED_DEVICE_FAMILY = "1,2";
			};
			name = Release;
		};
/* End XCBuildConfiguration section */

/* Begin XCConfigurationList section */
		2CDF1DA22874960900F0BC12 /* Build configuration list for PBXProject "PlantApp" */ = {
			isa = XCConfigurationList;
			buildConfigurations = (
				2CDF1DB92874960B00F0BC12 /* Debug */,
				2CDF1DBA2874960B00F0BC12 /* Release */,
			);
			defaultConfigurationIsVisible = 0;
			defaultConfigurationName = Release;
		};
		2CDF1DBB2874960B00F0BC12 /* Build configuration list for PBXNativeTarget "PlantApp" */ = {
			isa = XCConfigurationList;
			buildConfigurations = (
				2CDF1DBC2874960B00F0BC12 /* Debug */,
				2CDF1DBD2874960B00F0BC12 /* Release */,
			);
			defaultConfigurationIsVisible = 0;
			defaultConfigurationName = Release;
		};
/* End XCConfigurationList section */

/* Begin XCRemoteSwiftPackageReference section */
		6ECF9579288457AD00A4E9F6 /* XCRemoteSwiftPackageReference "SETabView" */ = {
			isa = XCRemoteSwiftPackageReference;
			repositoryURL = "https://github.com/eshwavin/SETabView.git";
			requirement = {
				kind = upToNextMajorVersion;
				minimumVersion = 2.0.0;
			};
		};
/* End XCRemoteSwiftPackageReference section */

/* Begin XCSwiftPackageProductDependency section */
		6ECF957A288457AD00A4E9F6 /* SETabView */ = {
			isa = XCSwiftPackageProductDependency;
			package = 6ECF9579288457AD00A4E9F6 /* XCRemoteSwiftPackageReference "SETabView" */;
			productName = SETabView;
		};
/* End XCSwiftPackageProductDependency section */
	};
	rootObject = 2CDF1D9F2874960900F0BC12 /* Project object */;
}
