{
  "object": {
    "pins": [
      {
        "package": "SETabView",
        "repositoryURL": "https://github.com/eshwavin/SETabView.git",
        "state": {
          "branch": null,
          "revision": "a4605f2c5328c3603fc6c4bf5197e1e6eda0013b",
          "version": "2.0.0"
        }
      }
    ]
  },
  "version": 1
}
